# Pinned, reproducible dependency set for the gateway.
# Generated by pip freeze in a clean venv. Direct deps live in requirements.txt.
# Regenerate: python -m venv .v && .v/bin/pip install -r requirements.txt && .v/bin/pip freeze > requirements.lock
annotated-doc==0.0.5
annotated-types==0.8.0
anyio==4.14.2
certifi==2026.7.22
click==8.4.2
fastapi==0.141.1
h11==0.16.0
httpcore==1.0.9
httptools==0.8.0
httpx==0.28.1
idna==3.18
iniconfig==2.3.0
packaging==26.3
pluggy==1.6.0
prometheus_client==0.26.0
pydantic==2.13.4
pydantic-settings==2.15.0
pydantic_core==2.46.4
Pygments==2.20.0
pytest==9.1.1
python-dotenv==1.2.2
PyYAML==6.0.3
redis==8.1.0
starlette==1.5.0
typing-inspection==0.4.2
typing_extensions==4.16.0
uvicorn==0.52.1
uvloop==0.22.1
watchfiles==1.2.0
websockets==17.0.1
